
Microsoft Visual Studio Solution File, Format Version 12.00
# Visual Studio Version 17
VisualStudioVersion = 17.0.31919.166
MinimumVisualStudioVersion = 10.0.40219.1
Project("{9A19103F-16F7-4668-BE54-9A1E7A4F7556}") = "localblast", "localblast\localblast.csproj", "{EBF8EDB3-98B7-45F4-9BD3-6DD7D937DE50}"
EndProject
Project("{2150E333-8FDC-42A3-9474-1A3956D46DE8}") = "Solution Items", "Solution Items", "{BC495668-A8B7-472C-8BA1-62380A13A13E}"
	ProjectSection(SolutionItems) = preProject
		README.md = README.md
	EndProjectSection
EndProject
Global
	GlobalSection(SolutionConfigurationPlatforms) = preSolution
		Debug|Any CPU = Debug|Any CPU
		Release|Any CPU = Release|Any CPU
	EndGlobalSection
	GlobalSection(ProjectConfigurationPlatforms) = postSolution
		{EBF8EDB3-98B7-45F4-9BD3-6DD7D937DE50}.Debug|Any CPU.ActiveCfg = Debug|Any CPU
		{EBF8EDB3-98B7-45F4-9BD3-6DD7D937DE50}.Debug|Any CPU.Build.0 = Debug|Any CPU
		{EBF8EDB3-98B7-45F4-9BD3-6DD7D937DE50}.Release|Any CPU.ActiveCfg = Release|Any CPU
		{EBF8EDB3-98B7-45F4-9BD3-6DD7D937DE50}.Release|Any CPU.Build.0 = Release|Any CPU
	EndGlobalSection
	GlobalSection(SolutionProperties) = preSolution
		HideSolutionNode = FALSE
	EndGlobalSection
	GlobalSection(ExtensibilityGlobals) = postSolution
		SolutionGuid = {867516B5-865E-45D3-8C05-976B5738762D}
	EndGlobalSection
EndGlobal
